
Microsoft Visual Studio Solution File, Format Version 12.00
# Visual Studio Version 17
VisualStudioVersion = 17.3.32819.101
MinimumVisualStudioVersion = 10.0.40219.1
Project("{9A19103F-16F7-4668-BE54-9A1E7A4F7556}") = "ConsoleApp", "ConsoleApp\ConsoleApp.csproj", "{24F1F155-72C1-4EBA-9A92-096FADDA34A2}"
EndProject
Project("{9A19103F-16F7-4668-BE54-9A1E7A4F7556}") = "WinFormsApp1", "WinFormsApp1\WinFormsApp1.csproj", "{A44F7987-B4D2-4C2B-BA46-CF8BA0E38B5E}"
EndProject
Project("{9A19103F-16F7-4668-BE54-9A1E7A4F7556}") = "WinFormsApp2", "WinFormsApp2\WinFormsApp2.csproj", "{ED8222DF-5EFB-4169-9854-865C526E6972}"
EndProject
Project("{FAE04EC0-301F-11D3-BF4B-00C04F79EFBC}") = "ClassLibrary", "ClassLibrary\ClassLibrary.csproj", "{721CB74A-DB55-405B-8B9A-90DABE625A68}"
EndProject
Global
	GlobalSection(SolutionConfigurationPlatforms) = preSolution
		Debug|Any CPU = Debug|Any CPU
		Release|Any CPU = Release|Any CPU
	EndGlobalSection
	GlobalSection(ProjectConfigurationPlatforms) = postSolution
		{24F1F155-72C1-4EBA-9A92-096FADDA34A2}.Debug|Any CPU.ActiveCfg = Debug|Any CPU
		{24F1F155-72C1-4EBA-9A92-096FADDA34A2}.Debug|Any CPU.Build.0 = Debug|Any CPU
		{24F1F155-72C1-4EBA-9A92-096FADDA34A2}.Release|Any CPU.ActiveCfg = Release|Any CPU
		{24F1F155-72C1-4EBA-9A92-096FADDA34A2}.Release|Any CPU.Build.0 = Release|Any CPU
		{A44F7987-B4D2-4C2B-BA46-CF8BA0E38B5E}.Debug|Any CPU.ActiveCfg = Debug|Any CPU
		{A44F7987-B4D2-4C2B-BA46-CF8BA0E38B5E}.Debug|Any CPU.Build.0 = Debug|Any CPU
		{A44F7987-B4D2-4C2B-BA46-CF8BA0E38B5E}.Release|Any CPU.ActiveCfg = Release|Any CPU
		{A44F7987-B4D2-4C2B-BA46-CF8BA0E38B5E}.Release|Any CPU.Build.0 = Release|Any CPU
		{ED8222DF-5EFB-4169-9854-865C526E6972}.Debug|Any CPU.ActiveCfg = Debug|Any CPU
		{ED8222DF-5EFB-4169-9854-865C526E6972}.Debug|Any CPU.Build.0 = Debug|Any CPU
		{ED8222DF-5EFB-4169-9854-865C526E6972}.Release|Any CPU.ActiveCfg = Release|Any CPU
		{ED8222DF-5EFB-4169-9854-865C526E6972}.Release|Any CPU.Build.0 = Release|Any CPU
		{721CB74A-DB55-405B-8B9A-90DABE625A68}.Debug|Any CPU.ActiveCfg = Debug|Any CPU
		{721CB74A-DB55-405B-8B9A-90DABE625A68}.Debug|Any CPU.Build.0 = Debug|Any CPU
		{721CB74A-DB55-405B-8B9A-90DABE625A68}.Release|Any CPU.ActiveCfg = Release|Any CPU
		{721CB74A-DB55-405B-8B9A-90DABE625A68}.Release|Any CPU.Build.0 = Release|Any CPU
	EndGlobalSection
	GlobalSection(SolutionProperties) = preSolution
		HideSolutionNode = FALSE
	EndGlobalSection
	GlobalSection(ExtensibilityGlobals) = postSolution
		SolutionGuid = {672EDC20-DAF0-4350-A9F6-96A667CEED02}
	EndGlobalSection
EndGlobal
